// !$*UTF8*$!
{
	archiveVersion = 1;
	classes = {
	};
	objectVersion = 50;
	objects = {

/* Begin PBXBuildFile section */
		389242C2BAA75E4DDA3C999E /* Pods_SwiftProjectUITests.framework in Frameworks */ = {isa = PBXBuildFile; fileRef = B679927D1E0CB88485BA9162 /* Pods_SwiftProjectUITests.framework */; };
		3E987D29D4B899CAE6D75CB8 /* Pods_SwiftProjectTests.framework in Frameworks */ = {isa = PBXBuildFile; fileRef = B84F03FF06B5BF31DC5F407B /* Pods_SwiftProjectTests.framework */; };
		8FEB46D222E6FFE200B685B3 /* AppDelegate.swift in Sources */ = {isa = PBXBuildFile; fileRef = 8FEB46D122E6FFE200B685B3 /* AppDelegate.swift */; };
		8FEB46D422E6FFE200B685B3 /* ViewController.swift in Sources */ = {isa = PBXBuildFile; fileRef = 8FEB46D322E6FFE200B685B3 /* ViewController.swift */; };
		8FEB46D722E6FFE300B685B3 /* Main.storyboard in Resources */ = {isa = PBXBuildFile; fileRef = 8FEB46D522E6FFE300B685B3 /* Main.storyboard */; };
		8FEB46D922E6FFE500B685B3 /* Assets.xcassets in Resources */ = {isa = PBXBuildFile; fileRef = 8FEB46D822E6FFE500B685B3 /* Assets.xcassets */; };
		8FEB46DC22E6FFE500B685B3 /* LaunchScreen.storyboard in Resources */ = {isa = PBXBuildFile; fileRef = 8FEB46DA22E6FFE500B685B3 /* LaunchScreen.storyboard */; };
		8FEB46E722E6FFE500B685B3 /* SwiftProjectTests.swift in Sources */ = {isa = PBXBuildFile; fileRef = 8FEB46E622E6FFE500B685B3 /* SwiftProjectTests.swift */; };
		8FEB46F222E6FFE500B685B3 /* SwiftProjectUITests.swift in Sources */ = {isa = PBXBuildFile; fileRef = 8FEB46F122E6FFE500B685B3 /* SwiftProjectUITests.swift */; };
		FD24A260C4B20FB973FB25A2 /* Pods_SwiftProject.framework in Frameworks */ = {isa = PBXBuildFile; fileRef = 21984681F152934851B13E0F /* Pods_SwiftProject.framework */; };
/* End PBXBuildFile section */

/* Begin PBXContainerItemProxy section */
		8FEB46E322E6FFE500B685B3 /* PBXContainerItemProxy */ = {
			isa = PBXContainerItemProxy;
			containerPortal = 8FEB46C622E6FFE200B685B3 /* Project object */;
			proxyType = 1;
			remoteGlobalIDString = 8FEB46CD22E6FFE200B685B3;
			remoteInfo = SwiftProject;
		};
		8FEB46EE22E6FFE500B685B3 /* PBXContainerItemProxy */ = {
			isa = PBXContainerItemProxy;
			containerPortal = 8FEB46C622E6FFE200B685B3 /* Project object */;
			proxyType = 1;
			remoteGlobalIDString = 8FEB46CD22E6FFE200B685B3;
			remoteInfo = SwiftProject;
		};
/* End PBXContainerItemProxy section */

/* Begin PBXFileReference section */
		0399C15D6D230B522A8DB2E1 /* Pods-SwiftProjectTests.debug.xcconfig */ = {isa = PBXFileReference; includeInIndex = 1; lastKnownFileType = text.xcconfig; name = "Pods-SwiftProjectTests.debug.xcconfig"; path = "Target Support Files/Pods-SwiftProjectTests/Pods-SwiftProjectTests.debug.xcconfig"; sourceTree = "<group>"; };
		21984681F152934851B13E0F /* Pods_SwiftProject.framework */ = {isa = PBXFileReference; explicitFileType = wrapper.framework; includeInIndex = 0; path = Pods_SwiftProject.framework; sourceTree = BUILT_PRODUCTS_DIR; };
		32C6EBCE5FF097BBF363C886 /* Pods-SwiftProject.debug.xcconfig */ = {isa = PBXFileReference; includeInIndex = 1; lastKnownFileType = text.xcconfig; name = "Pods-SwiftProject.debug.xcconfig"; path = "Target Support Files/Pods-SwiftProject/Pods-SwiftProject.debug.xcconfig"; sourceTree = "<group>"; };
		870B3F52633C5303E9755F29 /* Pods-SwiftProjectUITests.release.xcconfig */ = {isa = PBXFileReference; includeInIndex = 1; lastKnownFileType = text.xcconfig; name = "Pods-SwiftProjectUITests.release.xcconfig"; path = "Target Support Files/Pods-SwiftProjectUITests/Pods-SwiftProjectUITests.release.xcconfig"; sourceTree = "<group>"; };
		8FEB46CE22E6FFE200B685B3 /* SwiftProject.app */ = {isa = PBXFileReference; explicitFileType = wrapper.application; includeInIndex = 0; path = SwiftProject.app; sourceTree = BUILT_PRODUCTS_DIR; };
		8FEB46D122E6FFE200B685B3 /* AppDelegate.swift */ = {isa = PBXFileReference; lastKnownFileType = sourcecode.swift; path = AppDelegate.swift; sourceTree = "<group>"; };
		8FEB46D322E6FFE200B685B3 /* ViewController.swift */ = {isa = PBXFileReference; lastKnownFileType = sourcecode.swift; path = ViewController.swift; sourceTree = "<group>"; };
		8FEB46D622E6FFE300B685B3 /* Base */ = {isa = PBXFileReference; lastKnownFileType = file.storyboard; name = Base; path = Base.lproj/Main.storyboard; sourceTree = "<group>"; };
		8FEB46D822E6FFE500B685B3 /* Assets.xcassets */ = {isa = PBXFileReference; lastKnownFileType = folder.assetcatalog; path = Assets.xcassets; sourceTree = "<group>"; };
		8FEB46DB22E6FFE500B685B3 /* Base */ = {isa = PBXFileReference; lastKnownFileType = file.storyboard; name = Base; path = Base.lproj/LaunchScreen.storyboard; sourceTree = "<group>"; };
		8FEB46DD22E6FFE500B685B3 /* Info.plist */ = {isa = PBXFileReference; lastKnownFileType = text.plist.xml; path = Info.plist; sourceTree = "<group>"; };
		8FEB46E222E6FFE500B685B3 /* SwiftProjectTests.xctest */ = {isa = PBXFileReference; explicitFileType = wrapper.cfbundle; includeInIndex = 0; path = SwiftProjectTests.xctest; sourceTree = BUILT_PRODUCTS_DIR; };
		8FEB46E622E6FFE500B685B3 /* SwiftProjectTests.swift */ = {isa = PBXFileReference; lastKnownFileType = sourcecode.swift; path = SwiftProjectTests.swift; sourceTree = "<group>"; };
		8FEB46E822E6FFE500B685B3 /* Info.plist */ = {isa = PBXFileReference; lastKnownFileType = text.plist.xml; path = Info.plist; sourceTree = "<group>"; };
		8FEB46ED22E6FFE500B685B3 /* SwiftProjectUITests.xctest */ = {isa = PBXFileReference; explicitFileType = wrapper.cfbundle; includeInIndex = 0; path = SwiftProjectUITests.xctest; sourceTree = BUILT_PRODUCTS_DIR; };
		8FEB46F122E6FFE500B685B3 /* SwiftProjectUITests.swift */ = {isa = PBXFileReference; lastKnownFileType = sourcecode.swift; path = SwiftProjectUITests.swift; sourceTree = "<group>"; };
		8FEB46F322E6FFE500B685B3 /* Info.plist */ = {isa = PBXFileReference; lastKnownFileType = text.plist.xml; path = Info.plist; sourceTree = "<group>"; };
		93B32918269240CFD8DDCDB3 /* Pods-SwiftProject.release.xcconfig */ = {isa = PBXFileReference; includeInIndex = 1; lastKnownFileType = text.xcconfig; name = "Pods-SwiftProject.release.xcconfig"; path = "Target Support Files/Pods-SwiftProject/Pods-SwiftProject.release.xcconfig"; sourceTree = "<group>"; };
		A5F536F3C9C3F4DBFF1FA643 /* Pods-SwiftProjectUITests.debug.xcconfig */ = {isa = PBXFileReference; includeInIndex = 1; lastKnownFileType = text.xcconfig; name = "Pods-SwiftProjectUITests.debug.xcconfig"; path = "Target Support Files/Pods-SwiftProjectUITests/Pods-SwiftProjectUITests.debug.xcconfig"; sourceTree = "<group>"; };
		B679927D1E0CB88485BA9162 /* Pods_SwiftProjectUITests.framework */ = {isa = PBXFileReference; explicitFileType = wrapper.framework; includeInIndex = 0; path = Pods_SwiftProjectUITests.framework; sourceTree = BUILT_PRODUCTS_DIR; };
		B84F03FF06B5BF31DC5F407B /* Pods_SwiftProjectTests.framework */ = {isa = PBXFileReference; explicitFileType = wrapper.framework; includeInIndex = 0; path = Pods_SwiftProjectTests.framework; sourceTree = BUILT_PRODUCTS_DIR; };
		B9DBE276D0BA4225023B44B6 /* Pods-SwiftProjectTests.release.xcconfig */ = {isa = PBXFileReference; includeInIndex = 1; lastKnownFileType = text.xcconfig; name = "Pods-SwiftProjectTests.release.xcconfig"; path = "Target Support Files/Pods-SwiftProjectTests/Pods-SwiftProjectTests.release.xcconfig"; sourceTree = "<group>"; };
/* End PBXFileReference section */

/* Begin PBXFrameworksBuildPhase section */
		8FEB46CB22E6FFE200B685B3 /* Frameworks */ = {
			isa = PBXFrameworksBuildPhase;
			buildActionMask = 2147483647;
			files = (
				FD24A260C4B20FB973FB25A2 /* Pods_SwiftProject.framework in Frameworks */,
			);
			runOnlyForDeploymentPostprocessing = 0;
		};
		8FEB46DF22E6FFE500B685B3 /* Frameworks */ = {
			isa = PBXFrameworksBuildPhase;
			buildActionMask = 2147483647;
			files = (
				3E987D29D4B899CAE6D75CB8 /* Pods_SwiftProjectTests.framework in Frameworks */,
			);
			runOnlyForDeploymentPostprocessing = 0;
		};
		8FEB46EA22E6FFE500B685B3 /* Frameworks */ = {
			isa = PBXFrameworksBuildPhase;
			buildActionMask = 2147483647;
			files = (
				389242C2BAA75E4DDA3C999E /* Pods_SwiftProjectUITests.framework in Frameworks */,
			);
			runOnlyForDeploymentPostprocessing = 0;
		};
/* End PBXFrameworksBuildPhase section */

/* Begin PBXGroup section */
		2D7793ADFFF9233C227AE19A /* Frameworks */ = {
			isa = PBXGroup;
			children = (
				21984681F152934851B13E0F /* Pods_SwiftProject.framework */,
				B84F03FF06B5BF31DC5F407B /* Pods_SwiftProjectTests.framework */,
				B679927D1E0CB88485BA9162 /* Pods_SwiftProjectUITests.framework */,
			);
			name = Frameworks;
			sourceTree = "<group>";
		};
		8FEB46C522E6FFE200B685B3 = {
			isa = PBXGroup;
			children = (
				8FEB46D022E6FFE200B685B3 /* SwiftProject */,
				8FEB46E522E6FFE500B685B3 /* SwiftProjectTests */,
				8FEB46F022E6FFE500B685B3 /* SwiftProjectUITests */,
				8FEB46CF22E6FFE200B685B3 /* Products */,
				C60166520C0019F6ED7CA9B6 /* Pods */,
				2D7793ADFFF9233C227AE19A /* Frameworks */,
			);
			sourceTree = "<group>";
		};
		8FEB46CF22E6FFE200B685B3 /* Products */ = {
			isa = PBXGroup;
			children = (
				8FEB46CE22E6FFE200B685B3 /* SwiftProject.app */,
				8FEB46E222E6FFE500B685B3 /* SwiftProjectTests.xctest */,
				8FEB46ED22E6FFE500B685B3 /* SwiftProjectUITests.xctest */,
			);
			name = Products;
			sourceTree = "<group>";
		};
		8FEB46D022E6FFE200B685B3 /* SwiftProject */ = {
			isa = PBXGroup;
			children = (
				8FEB46D122E6FFE200B685B3 /* AppDelegate.swift */,
				8FEB46D322E6FFE200B685B3 /* ViewController.swift */,
				8FEB46D522E6FFE300B685B3 /* Main.storyboard */,
				8FEB46D822E6FFE500B685B3 /* Assets.xcassets */,
				8FEB46DA22E6FFE500B685B3 /* LaunchScreen.storyboard */,
				8FEB46DD22E6FFE500B685B3 /* Info.plist */,
			);
			path = SwiftProject;
			sourceTree = "<group>";
		};
		8FEB46E522E6FFE500B685B3 /* SwiftProjectTests */ = {
			isa = PBXGroup;
			children = (
				8FEB46E622E6FFE500B685B3 /* SwiftProjectTests.swift */,
				8FEB46E822E6FFE500B685B3 /* Info.plist */,
			);
			path = SwiftProjectTests;
			sourceTree = "<group>";
		};
		8FEB46F022E6FFE500B685B3 /* SwiftProjectUITests */ = {
			isa = PBXGroup;
			children = (
				8FEB46F122E6FFE500B685B3 /* SwiftProjectUITests.swift */,
				8FEB46F322E6FFE500B685B3 /* Info.plist */,
			);
			path = SwiftProjectUITests;
			sourceTree = "<group>";
		};
		C60166520C0019F6ED7CA9B6 /* Pods */ = {
			isa = PBXGroup;
			children = (
				32C6EBCE5FF097BBF363C886 /* Pods-SwiftProject.debug.xcconfig */,
				93B32918269240CFD8DDCDB3 /* Pods-SwiftProject.release.xcconfig */,
				0399C15D6D230B522A8DB2E1 /* Pods-SwiftProjectTests.debug.xcconfig */,
				B9DBE276D0BA4225023B44B6 /* Pods-SwiftProjectTests.release.xcconfig */,
				A5F536F3C9C3F4DBFF1FA643 /* Pods-SwiftProjectUITests.debug.xcconfig */,
				870B3F52633C5303E9755F29 /* Pods-SwiftProjectUITests.release.xcconfig */,
			);
			name = Pods;
			path = Pods;
			sourceTree = "<group>";
		};
/* End PBXGroup section */

/* Begin PBXNativeTarget section */
		8FEB46CD22E6FFE200B685B3 /* SwiftProject */ = {
			isa = PBXNativeTarget;
			buildConfigurationList = 8FEB46F622E6FFE500B685B3 /* Build configuration list for PBXNativeTarget "SwiftProject" */;
			buildPhases = (
				857EB25122070FE10F0330E1 /* [CP] Check Pods Manifest.lock */,
				8FEB46CA22E6FFE200B685B3 /* Sources */,
				8FEB46CB22E6FFE200B685B3 /* Frameworks */,
				8FEB46CC22E6FFE200B685B3 /* Resources */,
			);
			buildRules = (
			);
			dependencies = (
			);
			name = SwiftProject;
			productName = SwiftProject;
			productReference = 8FEB46CE22E6FFE200B685B3 /* SwiftProject.app */;
			productType = "com.apple.product-type.application";
		};
		8FEB46E122E6FFE500B685B3 /* SwiftProjectTests */ = {
			isa = PBXNativeTarget;
			buildConfigurationList = 8FEB46F922E6FFE500B685B3 /* Build configuration list for PBXNativeTarget "SwiftProjectTests" */;
			buildPhases = (
				EE6B9E8BBE3756A4F44AC873 /* [CP] Check Pods Manifest.lock */,
				8FEB46DE22E6FFE500B685B3 /* Sources */,
				8FEB46DF22E6FFE500B685B3 /* Frameworks */,
				8FEB46E022E6FFE500B685B3 /* Resources */,
			);
			buildRules = (
			);
			dependencies = (
				8FEB46E422E6FFE500B685B3 /* PBXTargetDependency */,
			);
			name = SwiftProjectTests;
			productName = SwiftProjectTests;
			productReference = 8FEB46E222E6FFE500B685B3 /* SwiftProjectTests.xctest */;
			productType = "com.apple.product-type.bundle.unit-test";
		};
		8FEB46EC22E6FFE500B685B3 /* SwiftProjectUITests */ = {
			isa = PBXNativeTarget;
			buildConfigurationList = 8FEB46FC22E6FFE500B685B3 /* Build configuration list for PBXNativeTarget "SwiftProjectUITests" */;
			buildPhases = (
				34364BAFF49D3503E441B17A /* [CP] Check Pods Manifest.lock */,
				8FEB46E922E6FFE500B685B3 /* Sources */,
				8FEB46EA22E6FFE500B685B3 /* Frameworks */,
				8FEB46EB22E6FFE500B685B3 /* Resources */,
			);
			buildRules = (
			);
			dependencies = (
				8FEB46EF22E6FFE500B685B3 /* PBXTargetDependency */,
			);
			name = SwiftProjectUITests;
			productName = SwiftProjectUITests;
			productReference = 8FEB46ED22E6FFE500B685B3 /* SwiftProjectUITests.xctest */;
			productType = "com.apple.product-type.bundle.ui-testing";
		};
/* End PBXNativeTarget section */

/* Begin PBXProject section */
		8FEB46C622E6FFE200B685B3 /* Project object */ = {
			isa = PBXProject;
			attributes = {
				LastSwiftUpdateCheck = 1010;
				LastUpgradeCheck = 1010;
				ORGANIZATIONNAME = bear;
				TargetAttributes = {
					8FEB46CD22E6FFE200B685B3 = {
						CreatedOnToolsVersion = 10.1;
					};
					8FEB46E122E6FFE500B685B3 = {
						CreatedOnToolsVersion = 10.1;
						TestTargetID = 8FEB46CD22E6FFE200B685B3;
					};
					8FEB46EC22E6FFE500B685B3 = {
						CreatedOnToolsVersion = 10.1;
						TestTargetID = 8FEB46CD22E6FFE200B685B3;
					};
				};
			};
			buildConfigurationList = 8FEB46C922E6FFE200B685B3 /* Build configuration list for PBXProject "SwiftProject" */;
			compatibilityVersion = "Xcode 9.3";
			developmentRegion = en;
			hasScannedForEncodings = 0;
			knownRegions = (
				en,
				Base,
			);
			mainGroup = 8FEB46C522E6FFE200B685B3;
			productRefGroup = 8FEB46CF22E6FFE200B685B3 /* Products */;
			projectDirPath = "";
			projectRoot = "";
			targets = (
				8FEB46CD22E6FFE200B685B3 /* SwiftProject */,
				8FEB46E122E6FFE500B685B3 /* SwiftProjectTests */,
				8FEB46EC22E6FFE500B685B3 /* SwiftProjectUITests */,
			);
		};
/* End PBXProject section */

/* Begin PBXResourcesBuildPhase section */
		8FEB46CC22E6FFE200B685B3 /* Resources */ = {
			isa = PBXResourcesBuildPhase;
			buildActionMask = 2147483647;
			files = (
				8FEB46DC22E6FFE500B685B3 /* LaunchScreen.storyboard in Resources */,
				8FEB46D922E6FFE500B685B3 /* Assets.xcassets in Resources */,
				8FEB46D722E6FFE300B685B3 /* Main.storyboard in Resources */,
			);
			runOnlyForDeploymentPostprocessing = 0;
		};
		8FEB46E022E6FFE500B685B3 /* Resources */ = {
			isa = PBXResourcesBuildPhase;
			buildActionMask = 2147483647;
			files = (
			);
			runOnlyForDeploymentPostprocessing = 0;
		};
		8FEB46EB22E6FFE500B685B3 /* Resources */ = {
			isa = PBXResourcesBuildPhase;
			buildActionMask = 2147483647;
			files = (
			);
			runOnlyForDeploymentPostprocessing = 0;
		};
/* End PBXResourcesBuildPhase section */

/* Begin PBXShellScriptBuildPhase section */
		34364BAFF49D3503E441B17A /* [CP] Check Pods Manifest.lock */ = {
			isa = PBXShellScriptBuildPhase;
			buildActionMask = 2147483647;
			files = (
			);
			inputFileListPaths = (
			);
			inputPaths = (
				"${PODS_PODFILE_DIR_PATH}/Podfile.lock",
				"${PODS_ROOT}/Manifest.lock",
			);
			name = "[CP] Check Pods Manifest.lock";
			outputFileListPaths = (
			);
			outputPaths = (
				"$(DERIVED_FILE_DIR)/Pods-SwiftProjectUITests-checkManifestLockResult.txt",
			);
			runOnlyForDeploymentPostprocessing = 0;
			shellPath = /bin/sh;
			shellScript = "diff \"${PODS_PODFILE_DIR_PATH}/Podfile.lock\" \"${PODS_ROOT}/Manifest.lock\" > /dev/null\nif [ $? != 0 ] ; then\n    # print error to STDERR\n    echo \"error: The sandbox is not in sync with the Podfile.lock. Run 'pod install' or update your CocoaPods installation.\" >&2\n    exit 1\nfi\n# This output is used by Xcode 'outputs' to avoid re-running this script phase.\necho \"SUCCESS\" > \"${SCRIPT_OUTPUT_FILE_0}\"\n";
			showEnvVarsInLog = 0;
		};
		857EB25122070FE10F0330E1 /* [CP] Check Pods Manifest.lock */ = {
			isa = PBXShellScriptBuildPhase;
			buildActionMask = 2147483647;
			files = (
			);
			inputFileListPaths = (
			);
			inputPaths = (
				"${PODS_PODFILE_DIR_PATH}/Podfile.lock",
				"${PODS_ROOT}/Manifest.lock",
			);
			name = "[CP] Check Pods Manifest.lock";
			outputFileListPaths = (
			);
			outputPaths = (
				"$(DERIVED_FILE_DIR)/Pods-SwiftProject-checkManifestLockResult.txt",
			);
			runOnlyForDeploymentPostprocessing = 0;
			shellPath = /bin/sh;
			shellScript = "diff \"${PODS_PODFILE_DIR_PATH}/Podfile.lock\" \"${PODS_ROOT}/Manifest.lock\" > /dev/null\nif [ $? != 0 ] ; then\n    # print error to STDERR\n    echo \"error: The sandbox is not in sync with the Podfile.lock. Run 'pod install' or update your CocoaPods installation.\" >&2\n    exit 1\nfi\n# This output is used by Xcode 'outputs' to avoid re-running this script phase.\necho \"SUCCESS\" > \"${SCRIPT_OUTPUT_FILE_0}\"\n";
			showEnvVarsInLog = 0;
		};
		EE6B9E8BBE3756A4F44AC873 /* [CP] Check Pods Manifest.lock */ = {
			isa = PBXShellScriptBuildPhase;
			buildActionMask = 2147483647;
			files = (
			);
			inputFileListPaths = (
			);
			inputPaths = (
				"${PODS_PODFILE_DIR_PATH}/Podfile.lock",
				"${PODS_ROOT}/Manifest.lock",
			);
			name = "[CP] Check Pods Manifest.lock";
			outputFileListPaths = (
			);
			outputPaths = (
				"$(DERIVED_FILE_DIR)/Pods-SwiftProjectTests-checkManifestLockResult.txt",
			);
			runOnlyForDeploymentPostprocessing = 0;
			shellPath = /bin/sh;
			shellScript = "diff \"${PODS_PODFILE_DIR_PATH}/Podfile.lock\" \"${PODS_ROOT}/Manifest.lock\" > /dev/null\nif [ $? != 0 ] ; then\n    # print error to STDERR\n    echo \"error: The sandbox is not in sync with the Podfile.lock. Run 'pod install' or update your CocoaPods installation.\" >&2\n    exit 1\nfi\n# This output is used by Xcode 'outputs' to avoid re-running this script phase.\necho \"SUCCESS\" > \"${SCRIPT_OUTPUT_FILE_0}\"\n";
			showEnvVarsInLog = 0;
		};
/* End PBXShellScriptBuildPhase section */

/* Begin PBXSourcesBuildPhase section */
		8FEB46CA22E6FFE200B685B3 /* Sources */ = {
			isa = PBXSourcesBuildPhase;
			buildActionMask = 2147483647;
			files = (
				8FEB46D422E6FFE200B685B3 /* ViewController.swift in Sources */,
				8FEB46D222E6FFE200B685B3 /* AppDelegate.swift in Sources */,
			);
			runOnlyForDeploymentPostprocessing = 0;
		};
		8FEB46DE22E6FFE500B685B3 /* Sources */ = {
			isa = PBXSourcesBuildPhase;
			buildActionMask = 2147483647;
			files = (
				8FEB46E722E6FFE500B685B3 /* SwiftProjectTests.swift in Sources */,
			);
			runOnlyForDeploymentPostprocessing = 0;
		};
		8FEB46E922E6FFE500B685B3 /* Sources */ = {
			isa = PBXSourcesBuildPhase;
			buildActionMask = 2147483647;
			files = (
				8FEB46F222E6FFE500B685B3 /* SwiftProjectUITests.swift in Sources */,
			);
			runOnlyForDeploymentPostprocessing = 0;
		};
/* End PBXSourcesBuildPhase section */

/* Begin PBXTargetDependency section */
		8FEB46E422E6FFE500B685B3 /* PBXTargetDependency */ = {
			isa = PBXTargetDependency;
			target = 8FEB46CD22E6FFE200B685B3 /* SwiftProject */;
			targetProxy = 8FEB46E322E6FFE500B685B3 /* PBXContainerItemProxy */;
		};
		8FEB46EF22E6FFE500B685B3 /* PBXTargetDependency */ = {
			isa = PBXTargetDependency;
			target = 8FEB46CD22E6FFE200B685B3 /* SwiftProject */;
			targetProxy = 8FEB46EE22E6FFE500B685B3 /* PBXContainerItemProxy */;
		};
/* End PBXTargetDependency section */

/* Begin PBXVariantGroup section */
		8FEB46D522E6FFE300B685B3 /* Main.storyboard */ = {
			isa = PBXVariantGroup;
			children = (
				8FEB46D622E6FFE300B685B3 /* Base */,
			);
			name = Main.storyboard;
			sourceTree = "<group>";
		};
		8FEB46DA22E6FFE500B685B3 /* LaunchScreen.storyboard */ = {
			isa = PBXVariantGroup;
			children = (
				8FEB46DB22E6FFE500B685B3 /* Base */,
			);
			name = LaunchScreen.storyboard;
			sourceTree = "<group>";
		};
/* End PBXVariantGroup section */

/* Begin XCBuildConfiguration section */
		8FEB46F422E6FFE500B685B3 /* Debug */ = {
			isa = XCBuildConfiguration;
			buildSettings = {
				ALWAYS_SEARCH_USER_PATHS = NO;
				CLANG_ANALYZER_NONNULL = YES;
				CLANG_ANALYZER_NUMBER_OBJECT_CONVERSION = YES_AGGRESSIVE;
				CLANG_CXX_LANGUAGE_STANDARD = "gnu++14";
				CLANG_CXX_LIBRARY = "libc++";
				CLANG_ENABLE_MODULES = YES;
				CLANG_ENABLE_OBJC_ARC = YES;
				CLANG_ENABLE_OBJC_WEAK = YES;
				CLANG_WARN_BLOCK_CAPTURE_AUTORELEASING = YES;
				CLANG_WARN_BOOL_CONVERSION = YES;
				CLANG_WARN_COMMA = YES;
				CLANG_WARN_CONSTANT_CONVERSION = YES;
				CLANG_WARN_DEPRECATED_OBJC_IMPLEMENTATIONS = YES;
				CLANG_WARN_DIRECT_OBJC_ISA_USAGE = YES_ERROR;
				CLANG_WARN_DOCUMENTATION_COMMENTS = YES;
				CLANG_WARN_EMPTY_BODY = YES;
				CLANG_WARN_ENUM_CONVERSION = YES;
				CLANG_WARN_INFINITE_RECURSION = YES;
				CLANG_WARN_INT_CONVERSION = YES;
				CLANG_WARN_NON_LITERAL_NULL_CONVERSION = YES;
				CLANG_WARN_OBJC_IMPLICIT_RETAIN_SELF = YES;
				CLANG_WARN_OBJC_LITERAL_CONVERSION = YES;
				CLANG_WARN_OBJC_ROOT_CLASS = YES_ERROR;
				CLANG_WARN_RANGE_LOOP_ANALYSIS = YES;
				CLANG_WARN_STRICT_PROTOTYPES = YES;
				CLANG_WARN_SUSPICIOUS_MOVE = YES;
				CLANG_WARN_UNGUARDED_AVAILABILITY = YES_AGGRESSIVE;
				CLANG_WARN_UNREACHABLE_CODE = YES;
				CLANG_WARN__DUPLICATE_METHOD_MATCH = YES;
				CODE_SIGN_IDENTITY = "iPhone Developer";
				COPY_PHASE_STRIP = NO;
				DEBUG_INFORMATION_FORMAT = dwarf;
				ENABLE_STRICT_OBJC_MSGSEND = YES;
				ENABLE_TESTABILITY = YES;
				GCC_C_LANGUAGE_STANDARD = gnu11;
				GCC_DYNAMIC_NO_PIC = NO;
				GCC_NO_COMMON_BLOCKS = YES;
				GCC_OPTIMIZATION_LEVEL = 0;
				GCC_PREPROCESSOR_DEFINITIONS = (
					"DEBUG=1",
					"$(inherited)",
				);
				GCC_WARN_64_TO_32_BIT_CONVERSION = YES;
				GCC_WARN_ABOUT_RETURN_TYPE = YES_ERROR;
				GCC_WARN_UNDECLARED_SELECTOR = YES;
				GCC_WARN_UNINITIALIZED_AUTOS = YES_AGGRESSIVE;
				GCC_WARN_UNUSED_FUNCTION = YES;
				GCC_WARN_UNUSED_VARIABLE = YES;
				IPHONEOS_DEPLOYMENT_TARGET = 12.1;
				MTL_ENABLE_DEBUG_INFO = INCLUDE_SOURCE;
				MTL_FAST_MATH = YES;
				ONLY_ACTIVE_ARCH = YES;
				SDKROOT = iphoneos;
				SWIFT_ACTIVE_COMPILATION_CONDITIONS = DEBUG;
				SWIFT_OPTIMIZATION_LEVEL = "-Onone";
			};
			name = Debug;
		};
		8FEB46F522E6FFE500B685B3 /* Release */ = {
			isa = XCBuildConfiguration;
			buildSettings = {
				ALWAYS_SEARCH_USER_PATHS = NO;
				CLANG_ANALYZER_NONNULL = YES;
				CLANG_ANALYZER_NUMBER_OBJECT_CONVERSION = YES_AGGRESSIVE;
				CLANG_CXX_LANGUAGE_STANDARD = "gnu++14";
				CLANG_CXX_LIBRARY = "libc++";
				CLANG_ENABLE_MODULES = YES;
				CLANG_ENABLE_OBJC_ARC = YES;
				CLANG_ENABLE_OBJC_WEAK = YES;
				CLANG_WARN_BLOCK_CAPTURE_AUTORELEASING = YES;
				CLANG_WARN_BOOL_CONVERSION = YES;
				CLANG_WARN_COMMA = YES;
				CLANG_WARN_CONSTANT_CONVERSION = YES;
				CLANG_WARN_DEPRECATED_OBJC_IMPLEMENTATIONS = YES;
				CLANG_WARN_DIRECT_OBJC_ISA_USAGE = YES_ERROR;
				CLANG_WARN_DOCUMENTATION_COMMENTS = YES;
				CLANG_WARN_EMPTY_BODY = YES;
				CLANG_WARN_ENUM_CONVERSION = YES;
				CLANG_WARN_INFINITE_RECURSION = YES;
				CLANG_WARN_INT_CONVERSION = YES;
				CLANG_WARN_NON_LITERAL_NULL_CONVERSION = YES;
				CLANG_WARN_OBJC_IMPLICIT_RETAIN_SELF = YES;
				CLANG_WARN_OBJC_LITERAL_CONVERSION = YES;
				CLANG_WARN_OBJC_ROOT_CLASS = YES_ERROR;
				CLANG_WARN_RANGE_LOOP_ANALYSIS = YES;
				CLANG_WARN_STRICT_PROTOTYPES = YES;
				CLANG_WARN_SUSPICIOUS_MOVE = YES;
				CLANG_WARN_UNGUARDED_AVAILABILITY = YES_AGGRESSIVE;
				CLANG_WARN_UNREACHABLE_CODE = YES;
				CLANG_WARN__DUPLICATE_METHOD_MATCH = YES;
				CODE_SIGN_IDENTITY = "iPhone Developer";
				COPY_PHASE_STRIP = NO;
				DEBUG_INFORMATION_FORMAT = "dwarf-with-dsym";
				ENABLE_NS_ASSERTIONS = NO;
				ENABLE_STRICT_OBJC_MSGSEND = YES;
				GCC_C_LANGUAGE_STANDARD = gnu11;
				GCC_NO_COMMON_BLOCKS = YES;
				GCC_WARN_64_TO_32_BIT_CONVERSION = YES;
				GCC_WARN_ABOUT_RETURN_TYPE = YES_ERROR;
				GCC_WARN_UNDECLARED_SELECTOR = YES;
				GCC_WARN_UNINITIALIZED_AUTOS = YES_AGGRESSIVE;
				GCC_WARN_UNUSED_FUNCTION = YES;
				GCC_WARN_UNUSED_VARIABLE = YES;
				IPHONEOS_DEPLOYMENT_TARGET = 12.1;
				MTL_ENABLE_DEBUG_INFO = NO;
				MTL_FAST_MATH = YES;
				SDKROOT = iphoneos;
				SWIFT_COMPILATION_MODE = wholemodule;
				SWIFT_OPTIMIZATION_LEVEL = "-O";
				VALIDATE_PRODUCT = YES;
			};
			name = Release;
		};
		8FEB46F722E6FFE500B685B3 /* Debug */ = {
			isa = XCBuildConfiguration;
			baseConfigurationReference = 32C6EBCE5FF097BBF363C886 /* Pods-SwiftProject.debug.xcconfig */;
			buildSettings = {
				ASSETCATALOG_COMPILER_APPICON_NAME = AppIcon;
				CODE_SIGN_STYLE = Automatic;
				INFOPLIST_FILE = SwiftProject/Info.plist;
				LD_RUNPATH_SEARCH_PATHS = (
					"$(inherited)",
					"@executable_path/Frameworks",
				);
				PRODUCT_BUNDLE_IDENTIFIER = com.SwiftProject;
				PRODUCT_NAME = "$(TARGET_NAME)";
				SWIFT_VERSION = 4.2;
				TARGETED_DEVICE_FAMILY = "1,2";
			};
			name = Debug;
		};
		8FEB46F822E6FFE500B685B3 /* Release */ = {
			isa = XCBuildConfiguration;
			baseConfigurationReference = 93B32918269240CFD8DDCDB3 /* Pods-SwiftProject.release.xcconfig */;
			buildSettings = {
				ASSETCATALOG_COMPILER_APPICON_NAME = AppIcon;
				CODE_SIGN_STYLE = Automatic;
				INFOPLIST_FILE = SwiftProject/Info.plist;
				LD_RUNPATH_SEARCH_PATHS = (
					"$(inherited)",
					"@executable_path/Frameworks",
				);
				PRODUCT_BUNDLE_IDENTIFIER = com.SwiftProject;
				PRODUCT_NAME = "$(TARGET_NAME)";
				SWIFT_VERSION = 4.2;
				TARGETED_DEVICE_FAMILY = "1,2";
			};
			name = Release;
		};
		8FEB46FA22E6FFE500B685B3 /* Debug */ = {
			isa = XCBuildConfiguration;
			baseConfigurationReference = 0399C15D6D230B522A8DB2E1 /* Pods-SwiftProjectTests.debug.xcconfig */;
			buildSettings = {
				ALWAYS_EMBED_SWIFT_STANDARD_LIBRARIES = YES;
				BUNDLE_LOADER = "$(TEST_HOST)";
				CODE_SIGN_STYLE = Automatic;
				INFOPLIST_FILE = SwiftProjectTests/Info.plist;
				LD_RUNPATH_SEARCH_PATHS = (
					"$(inherited)",
					"@executable_path/Frameworks",
					"@loader_path/Frameworks",
				);
				PRODUCT_BUNDLE_IDENTIFIER = com.SwiftProjectTests;
				PRODUCT_NAME = "$(TARGET_NAME)";
				SWIFT_VERSION = 4.2;
				TARGETED_DEVICE_FAMILY = "1,2";
				TEST_HOST = "$(BUILT_PRODUCTS_DIR)/SwiftProject.app/SwiftProject";
			};
			name = Debug;
		};
		8FEB46FB22E6FFE500B685B3 /* Release */ = {
			isa = XCBuildConfiguration;
			baseConfigurationReference = B9DBE276D0BA4225023B44B6 /* Pods-SwiftProjectTests.release.xcconfig */;
			buildSettings = {
				ALWAYS_EMBED_SWIFT_STANDARD_LIBRARIES = YES;
				BUNDLE_LOADER = "$(TEST_HOST)";
				CODE_SIGN_STYLE = Automatic;
				INFOPLIST_FILE = SwiftProjectTests/Info.plist;
				LD_RUNPATH_SEARCH_PATHS = (
					"$(inherited)",
					"@executable_path/Frameworks",
					"@loader_path/Frameworks",
				);
				PRODUCT_BUNDLE_IDENTIFIER = com.SwiftProjectTests;
				PRODUCT_NAME = "$(TARGET_NAME)";
				SWIFT_VERSION = 4.2;
				TARGETED_DEVICE_FAMILY = "1,2";
				TEST_HOST = "$(BUILT_PRODUCTS_DIR)/SwiftProject.app/SwiftProject";
			};
			name = Release;
		};
		8FEB46FD22E6FFE500B685B3 /* Debug */ = {
			isa = XCBuildConfiguration;
			baseConfigurationReference = A5F536F3C9C3F4DBFF1FA643 /* Pods-SwiftProjectUITests.debug.xcconfig */;
			buildSettings = {
				ALWAYS_EMBED_SWIFT_STANDARD_LIBRARIES = YES;
				CODE_SIGN_STYLE = Automatic;
				INFOPLIST_FILE = SwiftProjectUITests/Info.plist;
				LD_RUNPATH_SEARCH_PATHS = (
					"$(inherited)",
					"@executable_path/Frameworks",
					"@loader_path/Frameworks",
				);
				PRODUCT_BUNDLE_IDENTIFIER = com.SwiftProjectUITests;
				PRODUCT_NAME = "$(TARGET_NAME)";
				SWIFT_VERSION = 4.2;
				TARGETED_DEVICE_FAMILY = "1,2";
				TEST_TARGET_NAME = SwiftProject;
			};
			name = Debug;
		};
		8FEB46FE22E6FFE500B685B3 /* Release */ = {
			isa = XCBuildConfiguration;
			baseConfigurationReference = 870B3F52633C5303E9755F29 /* Pods-SwiftProjectUITests.release.xcconfig */;
			buildSettings = {
				ALWAYS_EMBED_SWIFT_STANDARD_LIBRARIES = YES;
				CODE_SIGN_STYLE = Automatic;
				INFOPLIST_FILE = SwiftProjectUITests/Info.plist;
				LD_RUNPATH_SEARCH_PATHS = (
					"$(inherited)",
					"@executable_path/Frameworks",
					"@loader_path/Frameworks",
				);
				PRODUCT_BUNDLE_IDENTIFIER = com.SwiftProjectUITests;
				PRODUCT_NAME = "$(TARGET_NAME)";
				SWIFT_VERSION = 4.2;
				TARGETED_DEVICE_FAMILY = "1,2";
				TEST_TARGET_NAME = SwiftProject;
			};
			name = Release;
		};
/* End XCBuildConfiguration section */

/* Begin XCConfigurationList section */
		8FEB46C922E6FFE200B685B3 /* Build configuration list for PBXProject "SwiftProject" */ = {
			isa = XCConfigurationList;
			buildConfigurations = (
				8FEB46F422E6FFE500B685B3 /* Debug */,
				8FEB46F522E6FFE500B685B3 /* Release */,
			);
			defaultConfigurationIsVisible = 0;
			defaultConfigurationName = Release;
		};
		8FEB46F622E6FFE500B685B3 /* Build configuration list for PBXNativeTarget "SwiftProject" */ = {
			isa = XCConfigurationList;
			buildConfigurations = (
				8FEB46F722E6FFE500B685B3 /* Debug */,
				8FEB46F822E6FFE500B685B3 /* Release */,
			);
			defaultConfigurationIsVisible = 0;
			defaultConfigurationName = Release;
		};
		8FEB46F922E6FFE500B685B3 /* Build configuration list for PBXNativeTarget "SwiftProjectTests" */ = {
			isa = XCConfigurationList;
			buildConfigurations = (
				8FEB46FA22E6FFE500B685B3 /* Debug */,
				8FEB46FB22E6FFE500B685B3 /* Release */,
			);
			defaultConfigurationIsVisible = 0;
			defaultConfigurationName = Release;
		};
		8FEB46FC22E6FFE500B685B3 /* Build configuration list for PBXNativeTarget "SwiftProjectUITests" */ = {
			isa = XCConfigurationList;
			buildConfigurations = (
				8FEB46FD22E6FFE500B685B3 /* Debug */,
				8FEB46FE22E6FFE500B685B3 /* Release */,
			);
			defaultConfigurationIsVisible = 0;
			defaultConfigurationName = Release;
		};
/* End XCConfigurationList section */
	};
	rootObject = 8FEB46C622E6FFE200B685B3 /* Project object */;
}
